// !$*UTF8*$!
{
	archiveVersion = 1;
	classes = {
	};
	objectVersion = 56;
	objects = {

/* Begin PBXBuildFile section */
		16099DAD29185343008E01CC /* WeatherParser.swift in Sources */ = {isa = PBXBuildFile; fileRef = 16099DAC29185343008E01CC /* WeatherParser.swift */; };
		16099DB029186573008E01CC /* Alamofire in Frameworks */ = {isa = PBXBuildFile; productRef = 16099DAF29186573008E01CC /* Alamofire */; };
		16099DB229186998008E01CC /* WeatherView.swift in Sources */ = {isa = PBXBuildFile; fileRef = 16099DB129186998008E01CC /* WeatherView.swift */; };
		16099DB529186BE4008E01CC /* AffirmationsView.swift in Sources */ = {isa = PBXBuildFile; fileRef = 16099DB429186BE4008E01CC /* AffirmationsView.swift */; };
		16099DB729186C1B008E01CC /* QuoteView.swift in Sources */ = {isa = PBXBuildFile; fileRef = 16099DB629186C1B008E01CC /* QuoteView.swift */; };
		162A29B5291715070064BAC0 /* Affirmation.swift in Sources */ = {isa = PBXBuildFile; fileRef = 162A29B4291715070064BAC0 /* Affirmation.swift */; };
		162A29B7291715460064BAC0 /* Events.swift in Sources */ = {isa = PBXBuildFile; fileRef = 162A29B6291715460064BAC0 /* Events.swift */; };
		162A29B92917158C0064BAC0 /* Intentions.swift in Sources */ = {isa = PBXBuildFile; fileRef = 162A29B82917158C0064BAC0 /* Intentions.swift */; };
		162A29BB291715DC0064BAC0 /* Quote.swift in Sources */ = {isa = PBXBuildFile; fileRef = 162A29BA291715DC0064BAC0 /* Quote.swift */; };
		162A29BF2917162C0064BAC0 /* Suggestion.swift in Sources */ = {isa = PBXBuildFile; fileRef = 162A29BE2917162C0064BAC0 /* Suggestion.swift */; };
		162A29C12917166E0064BAC0 /* Tasks.swift in Sources */ = {isa = PBXBuildFile; fileRef = 162A29C02917166E0064BAC0 /* Tasks.swift */; };
		162A29C3291716AA0064BAC0 /* Weather.swift in Sources */ = {isa = PBXBuildFile; fileRef = 162A29C2291716AA0064BAC0 /* Weather.swift */; };
		165BE56A293922DE00CDA7F1 /* TasksView.swift in Sources */ = {isa = PBXBuildFile; fileRef = 165BE569293922DE00CDA7F1 /* TasksView.swift */; };
		16D581AA29353EA700054EA1 /* GoogleService-Info.plist in Resources */ = {isa = PBXBuildFile; fileRef = 16D581A929353EA700054EA1 /* GoogleService-Info.plist */; };
		16D581AC29353EC700054EA1 /* Calendar.swift in Sources */ = {isa = PBXBuildFile; fileRef = 16D581AB29353EC700054EA1 /* Calendar.swift */; };
		16D581AE29353EE000054EA1 /* CalendarView.swift in Sources */ = {isa = PBXBuildFile; fileRef = 16D581AD29353EE000054EA1 /* CalendarView.swift */; };
		16D581B02935495900054EA1 /* Reminders.swift in Sources */ = {isa = PBXBuildFile; fileRef = 16D581AF2935495900054EA1 /* Reminders.swift */; };
		16D581B62935503200054EA1 /* Reminder+EKReminder.swift in Sources */ = {isa = PBXBuildFile; fileRef = 16D581B52935503200054EA1 /* Reminder+EKReminder.swift */; };
		16D581B82935540900054EA1 /* ReminderStore.swift in Sources */ = {isa = PBXBuildFile; fileRef = 16D581B72935540900054EA1 /* ReminderStore.swift */; };
		16D581BE2935673100054EA1 /* EKEventStore+AsyncFetch.swift in Sources */ = {isa = PBXBuildFile; fileRef = 16D581BD2935673000054EA1 /* EKEventStore+AsyncFetch.swift */; };
		16D715BB2919926C0021A8D8 /* ViewModel.swift in Sources */ = {isa = PBXBuildFile; fileRef = 16D715BA2919926C0021A8D8 /* ViewModel.swift */; };
		16E90441291D8AD400E91CB4 /* SuggestionView.swift in Sources */ = {isa = PBXBuildFile; fileRef = 16E90440291D8AD400E91CB4 /* SuggestionView.swift */; };
		E30ADEA5290B3596002EF995 /* WakeUpFirebaseDemoApp.swift in Sources */ = {isa = PBXBuildFile; fileRef = E30ADEA4290B3596002EF995 /* WakeUpFirebaseDemoApp.swift */; };
		E30ADEA7290B3596002EF995 /* ContentView.swift in Sources */ = {isa = PBXBuildFile; fileRef = E30ADEA6290B3596002EF995 /* ContentView.swift */; };
		E30ADEA9290B3599002EF995 /* Assets.xcassets in Resources */ = {isa = PBXBuildFile; fileRef = E30ADEA8290B3599002EF995 /* Assets.xcassets */; };
		E30ADEAC290B3599002EF995 /* Preview Assets.xcassets in Resources */ = {isa = PBXBuildFile; fileRef = E30ADEAB290B3599002EF995 /* Preview Assets.xcassets */; };
		E30ADEB4290B36E9002EF995 /* FirebaseFirestore in Frameworks */ = {isa = PBXBuildFile; productRef = E30ADEB3290B36E9002EF995 /* FirebaseFirestore */; };
		E30ADEB6290B36E9002EF995 /* FirebaseFirestoreSwift in Frameworks */ = {isa = PBXBuildFile; productRef = E30ADEB5290B36E9002EF995 /* FirebaseFirestoreSwift */; };
		E30ADEBA290B38A8002EF995 /* User.swift in Sources */ = {isa = PBXBuildFile; fileRef = E30ADEB9290B38A8002EF995 /* User.swift */; };
		E30ADEBE290B4211002EF995 /* UserRepository.swift in Sources */ = {isa = PBXBuildFile; fileRef = E30ADEBD290B4211002EF995 /* UserRepository.swift */; };
		E39D7CC0291828220074BB06 /* ConquerTheDayView.swift in Sources */ = {isa = PBXBuildFile; fileRef = E39D7CBF291828220074BB06 /* ConquerTheDayView.swift */; };
		E39D7CC2291835C80074BB06 /* Intro.storyboard in Resources */ = {isa = PBXBuildFile; fileRef = E39D7CC1291835C80074BB06 /* Intro.storyboard */; };
		E3A93010291AE3EA006E548A /* IntroView.swift in Sources */ = {isa = PBXBuildFile; fileRef = E3A9300F291AE3EA006E548A /* IntroView.swift */; };
		E3D3125529181FFD0002F20C /* DeepBreathView.swift in Sources */ = {isa = PBXBuildFile; fileRef = E3D3125429181FFD0002F20C /* DeepBreathView.swift */; };
		E3F10414291D8FAA007558F4 /* SplashScreen.swift in Sources */ = {isa = PBXBuildFile; fileRef = E3F10413291D8FAA007558F4 /* SplashScreen.swift */; };
/* End PBXBuildFile section */

/* Begin PBXFileReference section */
		16099DAC29185343008E01CC /* WeatherParser.swift */ = {isa = PBXFileReference; lastKnownFileType = sourcecode.swift; path = WeatherParser.swift; sourceTree = "<group>"; };
		16099DB129186998008E01CC /* WeatherView.swift */ = {isa = PBXFileReference; lastKnownFileType = sourcecode.swift; path = WeatherView.swift; sourceTree = "<group>"; };
		16099DB429186BE4008E01CC /* AffirmationsView.swift */ = {isa = PBXFileReference; lastKnownFileType = sourcecode.swift; path = AffirmationsView.swift; sourceTree = "<group>"; };
		16099DB629186C1B008E01CC /* QuoteView.swift */ = {isa = PBXFileReference; lastKnownFileType = sourcecode.swift; path = QuoteView.swift; sourceTree = "<group>"; };
		162A29B4291715070064BAC0 /* Affirmation.swift */ = {isa = PBXFileReference; lastKnownFileType = sourcecode.swift; path = Affirmation.swift; sourceTree = "<group>"; };
		162A29B6291715460064BAC0 /* Events.swift */ = {isa = PBXFileReference; lastKnownFileType = sourcecode.swift; path = Events.swift; sourceTree = "<group>"; };
		162A29B82917158C0064BAC0 /* Intentions.swift */ = {isa = PBXFileReference; lastKnownFileType = sourcecode.swift; path = Intentions.swift; sourceTree = "<group>"; };
		162A29BA291715DC0064BAC0 /* Quote.swift */ = {isa = PBXFileReference; lastKnownFileType = sourcecode.swift; path = Quote.swift; sourceTree = "<group>"; };
		162A29BE2917162C0064BAC0 /* Suggestion.swift */ = {isa = PBXFileReference; lastKnownFileType = sourcecode.swift; path = Suggestion.swift; sourceTree = "<group>"; };
		162A29C02917166E0064BAC0 /* Tasks.swift */ = {isa = PBXFileReference; lastKnownFileType = sourcecode.swift; path = Tasks.swift; sourceTree = "<group>"; };
		162A29C2291716AA0064BAC0 /* Weather.swift */ = {isa = PBXFileReference; lastKnownFileType = sourcecode.swift; path = Weather.swift; sourceTree = "<group>"; };
		165BE5682937DE7300CDA7F1 /* Info.plist */ = {isa = PBXFileReference; lastKnownFileType = text.plist; path = Info.plist; sourceTree = "<group>"; };
		165BE569293922DE00CDA7F1 /* TasksView.swift */ = {isa = PBXFileReference; lastKnownFileType = sourcecode.swift; path = TasksView.swift; sourceTree = "<group>"; };
		16D581A929353EA700054EA1 /* GoogleService-Info.plist */ = {isa = PBXFileReference; fileEncoding = 4; lastKnownFileType = text.plist.xml; name = "GoogleService-Info.plist"; path = "../../../../../../../Downloads/GoogleService-Info.plist"; sourceTree = "<group>"; };
		16D581AB29353EC700054EA1 /* Calendar.swift */ = {isa = PBXFileReference; lastKnownFileType = sourcecode.swift; path = Calendar.swift; sourceTree = "<group>"; };
		16D581AD29353EE000054EA1 /* CalendarView.swift */ = {isa = PBXFileReference; lastKnownFileType = sourcecode.swift; path = CalendarView.swift; sourceTree = "<group>"; };
		16D581AF2935495900054EA1 /* Reminders.swift */ = {isa = PBXFileReference; lastKnownFileType = sourcecode.swift; path = Reminders.swift; sourceTree = "<group>"; };
		16D581B52935503200054EA1 /* Reminder+EKReminder.swift */ = {isa = PBXFileReference; lastKnownFileType = sourcecode.swift; path = "Reminder+EKReminder.swift"; sourceTree = "<group>"; };
		16D581B72935540900054EA1 /* ReminderStore.swift */ = {isa = PBXFileReference; lastKnownFileType = sourcecode.swift; path = ReminderStore.swift; sourceTree = "<group>"; };
		16D581BD2935673000054EA1 /* EKEventStore+AsyncFetch.swift */ = {isa = PBXFileReference; lastKnownFileType = sourcecode.swift; path = "EKEventStore+AsyncFetch.swift"; sourceTree = "<group>"; };
		16D715BA2919926C0021A8D8 /* ViewModel.swift */ = {isa = PBXFileReference; lastKnownFileType = sourcecode.swift; path = ViewModel.swift; sourceTree = "<group>"; };
		16E90440291D8AD400E91CB4 /* SuggestionView.swift */ = {isa = PBXFileReference; lastKnownFileType = sourcecode.swift; path = SuggestionView.swift; sourceTree = "<group>"; };
		E30ADEA1290B3596002EF995 /* WakeUpFirebaseDemo.app */ = {isa = PBXFileReference; explicitFileType = wrapper.application; includeInIndex = 0; path = WakeUpFirebaseDemo.app; sourceTree = BUILT_PRODUCTS_DIR; };
		E30ADEA4290B3596002EF995 /* WakeUpFirebaseDemoApp.swift */ = {isa = PBXFileReference; lastKnownFileType = sourcecode.swift; path = WakeUpFirebaseDemoApp.swift; sourceTree = "<group>"; };
		E30ADEA6290B3596002EF995 /* ContentView.swift */ = {isa = PBXFileReference; lastKnownFileType = sourcecode.swift; path = ContentView.swift; sourceTree = "<group>"; };
		E30ADEA8290B3599002EF995 /* Assets.xcassets */ = {isa = PBXFileReference; lastKnownFileType = folder.assetcatalog; path = Assets.xcassets; sourceTree = "<group>"; };
		E30ADEAB290B3599002EF995 /* Preview Assets.xcassets */ = {isa = PBXFileReference; lastKnownFileType = folder.assetcatalog; path = "Preview Assets.xcassets"; sourceTree = "<group>"; };
		E30ADEB9290B38A8002EF995 /* User.swift */ = {isa = PBXFileReference; lastKnownFileType = sourcecode.swift; path = User.swift; sourceTree = "<group>"; };
		E30ADEBD290B4211002EF995 /* UserRepository.swift */ = {isa = PBXFileReference; lastKnownFileType = sourcecode.swift; path = UserRepository.swift; sourceTree = "<group>"; };
		E39D7CBF291828220074BB06 /* ConquerTheDayView.swift */ = {isa = PBXFileReference; lastKnownFileType = sourcecode.swift; path = ConquerTheDayView.swift; sourceTree = "<group>"; };
		E39D7CC1291835C80074BB06 /* Intro.storyboard */ = {isa = PBXFileReference; lastKnownFileType = file.storyboard; path = Intro.storyboard; sourceTree = "<group>"; };
		E3A9300F291AE3EA006E548A /* IntroView.swift */ = {isa = PBXFileReference; lastKnownFileType = sourcecode.swift; path = IntroView.swift; sourceTree = "<group>"; };
		E3D3125429181FFD0002F20C /* DeepBreathView.swift */ = {isa = PBXFileReference; lastKnownFileType = sourcecode.swift; path = DeepBreathView.swift; sourceTree = "<group>"; };
		E3F10413291D8FAA007558F4 /* SplashScreen.swift */ = {isa = PBXFileReference; lastKnownFileType = sourcecode.swift; path = SplashScreen.swift; sourceTree = "<group>"; };
/* End PBXFileReference section */

/* Begin PBXFrameworksBuildPhase section */
		E30ADE9E290B3596002EF995 /* Frameworks */ = {
			isa = PBXFrameworksBuildPhase;
			buildActionMask = 2147483647;
			files = (
				16099DB029186573008E01CC /* Alamofire in Frameworks */,
				E30ADEB4290B36E9002EF995 /* FirebaseFirestore in Frameworks */,
				E30ADEB6290B36E9002EF995 /* FirebaseFirestoreSwift in Frameworks */,
			);
			runOnlyForDeploymentPostprocessing = 0;
		};
/* End PBXFrameworksBuildPhase section */

/* Begin PBXGroup section */
		16099DB3291869A2008E01CC /* Views */ = {
			isa = PBXGroup;
			children = (
				E3A9300F291AE3EA006E548A /* IntroView.swift */,
				16099DB129186998008E01CC /* WeatherView.swift */,
				16099DB429186BE4008E01CC /* AffirmationsView.swift */,
				16099DB629186C1B008E01CC /* QuoteView.swift */,
				E39D7CBF291828220074BB06 /* ConquerTheDayView.swift */,
				E3F10413291D8FAA007558F4 /* SplashScreen.swift */,
				16E90440291D8AD400E91CB4 /* SuggestionView.swift */,
				16D581AD29353EE000054EA1 /* CalendarView.swift */,
				165BE569293922DE00CDA7F1 /* TasksView.swift */,
			);
			path = Views;
			sourceTree = "<group>";
		};
		16D715B9291992450021A8D8 /* ViewModel */ = {
			isa = PBXGroup;
			children = (
				16D715BA2919926C0021A8D8 /* ViewModel.swift */,
			);
			path = ViewModel;
			sourceTree = "<group>";
		};
		E30ADE98290B3596002EF995 = {
			isa = PBXGroup;
			children = (
				E30ADEA3290B3596002EF995 /* WakeUpFirebaseDemo */,
				E30ADEA2290B3596002EF995 /* Products */,
				E3999385291C121A00098183 /* Recovered References */,
			);
			sourceTree = "<group>";
		};
		E30ADEA2290B3596002EF995 /* Products */ = {
			isa = PBXGroup;
			children = (
				E30ADEA1290B3596002EF995 /* WakeUpFirebaseDemo.app */,
			);
			name = Products;
			sourceTree = "<group>";
		};
		E30ADEA3290B3596002EF995 /* WakeUpFirebaseDemo */ = {
			isa = PBXGroup;
			children = (
				165BE5682937DE7300CDA7F1 /* Info.plist */,
				16D581A929353EA700054EA1 /* GoogleService-Info.plist */,
				16D715B9291992450021A8D8 /* ViewModel */,
				16099DB3291869A2008E01CC /* Views */,
				E30ADEBC290B41B1002EF995 /* DataRepository */,
				E30ADEBB290B4174002EF995 /* Models */,
				E30ADEA4290B3596002EF995 /* WakeUpFirebaseDemoApp.swift */,
				E3D3125429181FFD0002F20C /* DeepBreathView.swift */,
				E39D7CC1291835C80074BB06 /* Intro.storyboard */,
				E30ADEA6290B3596002EF995 /* ContentView.swift */,
				E30ADEA8290B3599002EF995 /* Assets.xcassets */,
				E30ADEAA290B3599002EF995 /* Preview Content */,
			);
			path = WakeUpFirebaseDemo;
			sourceTree = "<group>";
		};
		E30ADEAA290B3599002EF995 /* Preview Content */ = {
			isa = PBXGroup;
			children = (
				E30ADEAB290B3599002EF995 /* Preview Assets.xcassets */,
			);
			path = "Preview Content";
			sourceTree = "<group>";
		};
		E30ADEBB290B4174002EF995 /* Models */ = {
			isa = PBXGroup;
			children = (
				16099DAC29185343008E01CC /* WeatherParser.swift */,
				E30ADEB9290B38A8002EF995 /* User.swift */,
				162A29B4291715070064BAC0 /* Affirmation.swift */,
				162A29BA291715DC0064BAC0 /* Quote.swift */,
				162A29BE2917162C0064BAC0 /* Suggestion.swift */,
				162A29C02917166E0064BAC0 /* Tasks.swift */,
				162A29B6291715460064BAC0 /* Events.swift */,
				162A29B82917158C0064BAC0 /* Intentions.swift */,
				162A29C2291716AA0064BAC0 /* Weather.swift */,
				16D581AB29353EC700054EA1 /* Calendar.swift */,
				16D581AF2935495900054EA1 /* Reminders.swift */,
				16D581B52935503200054EA1 /* Reminder+EKReminder.swift */,
				16D581B72935540900054EA1 /* ReminderStore.swift */,
				16D581BD2935673000054EA1 /* EKEventStore+AsyncFetch.swift */,
			);
			path = Models;
			sourceTree = "<group>";
		};
		E30ADEBC290B41B1002EF995 /* DataRepository */ = {
			isa = PBXGroup;
			children = (
				E30ADEBD290B4211002EF995 /* UserRepository.swift */,
			);
			path = DataRepository;
			sourceTree = "<group>";
		};
		E3999385291C121A00098183 /* Recovered References */ = {
			isa = PBXGroup;
			children = (
			);
			name = "Recovered References";
			sourceTree = "<group>";
		};
/* End PBXGroup section */

/* Begin PBXNativeTarget section */
		E30ADEA0290B3596002EF995 /* WakeUpFirebaseDemo */ = {
			isa = PBXNativeTarget;
			buildConfigurationList = E30ADEAF290B3599002EF995 /* Build configuration list for PBXNativeTarget "WakeUpFirebaseDemo" */;
			buildPhases = (
				E30ADE9D290B3596002EF995 /* Sources */,
				E30ADE9E290B3596002EF995 /* Frameworks */,
				E30ADE9F290B3596002EF995 /* Resources */,
			);
			buildRules = (
			);
			dependencies = (
			);
			name = WakeUpFirebaseDemo;
			packageProductDependencies = (
				E30ADEB3290B36E9002EF995 /* FirebaseFirestore */,
				E30ADEB5290B36E9002EF995 /* FirebaseFirestoreSwift */,
				16099DAF29186573008E01CC /* Alamofire */,
			);
			productName = WakeUpFirebaseDemo;
			productReference = E30ADEA1290B3596002EF995 /* WakeUpFirebaseDemo.app */;
			productType = "com.apple.product-type.application";
		};
/* End PBXNativeTarget section */

/* Begin PBXProject section */
		E30ADE99290B3596002EF995 /* Project object */ = {
			isa = PBXProject;
			attributes = {
				BuildIndependentTargetsInParallel = 1;
				LastSwiftUpdateCheck = 1400;
				LastUpgradeCheck = 1400;
				TargetAttributes = {
					E30ADEA0290B3596002EF995 = {
						CreatedOnToolsVersion = 14.0.1;
					};
				};
			};
			buildConfigurationList = E30ADE9C290B3596002EF995 /* Build configuration list for PBXProject "WakeUpFirebaseDemo" */;
			compatibilityVersion = "Xcode 14.0";
			developmentRegion = en;
			hasScannedForEncodings = 0;
			knownRegions = (
				en,
				Base,
			);
			mainGroup = E30ADE98290B3596002EF995;
			packageReferences = (
				E30ADEB2290B36E9002EF995 /* XCRemoteSwiftPackageReference "firebase-ios-sdk" */,
				16099DAE29186573008E01CC /* XCRemoteSwiftPackageReference "Alamofire" */,
			);
			productRefGroup = E30ADEA2290B3596002EF995 /* Products */;
			projectDirPath = "";
			projectRoot = "";
			targets = (
				E30ADEA0290B3596002EF995 /* WakeUpFirebaseDemo */,
			);
		};
/* End PBXProject section */

/* Begin PBXResourcesBuildPhase section */
		E30ADE9F290B3596002EF995 /* Resources */ = {
			isa = PBXResourcesBuildPhase;
			buildActionMask = 2147483647;
			files = (
				E30ADEAC290B3599002EF995 /* Preview Assets.xcassets in Resources */,
				E30ADEA9290B3599002EF995 /* Assets.xcassets in Resources */,
				16D581AA29353EA700054EA1 /* GoogleService-Info.plist in Resources */,
				E39D7CC2291835C80074BB06 /* Intro.storyboard in Resources */,
			);
			runOnlyForDeploymentPostprocessing = 0;
		};
/* End PBXResourcesBuildPhase section */

/* Begin PBXSourcesBuildPhase section */
		E30ADE9D290B3596002EF995 /* Sources */ = {
			isa = PBXSourcesBuildPhase;
			buildActionMask = 2147483647;
			files = (
				16D581BE2935673100054EA1 /* EKEventStore+AsyncFetch.swift in Sources */,
				E3A93010291AE3EA006E548A /* IntroView.swift in Sources */,
				162A29B92917158C0064BAC0 /* Intentions.swift in Sources */,
				16D581AE29353EE000054EA1 /* CalendarView.swift in Sources */,
				16D581B02935495900054EA1 /* Reminders.swift in Sources */,
				16099DB729186C1B008E01CC /* QuoteView.swift in Sources */,
				162A29B7291715460064BAC0 /* Events.swift in Sources */,
				162A29B5291715070064BAC0 /* Affirmation.swift in Sources */,
				162A29C3291716AA0064BAC0 /* Weather.swift in Sources */,
				E30ADEA7290B3596002EF995 /* ContentView.swift in Sources */,
				16D715BB2919926C0021A8D8 /* ViewModel.swift in Sources */,
				16099DB529186BE4008E01CC /* AffirmationsView.swift in Sources */,
				E3F10414291D8FAA007558F4 /* SplashScreen.swift in Sources */,
				16099DB229186998008E01CC /* WeatherView.swift in Sources */,
				16D581AC29353EC700054EA1 /* Calendar.swift in Sources */,
				16E90441291D8AD400E91CB4 /* SuggestionView.swift in Sources */,
				165BE56A293922DE00CDA7F1 /* TasksView.swift in Sources */,
				162A29BB291715DC0064BAC0 /* Quote.swift in Sources */,
				16D581B82935540900054EA1 /* ReminderStore.swift in Sources */,
				162A29BF2917162C0064BAC0 /* Suggestion.swift in Sources */,
				16099DAD29185343008E01CC /* WeatherParser.swift in Sources */,
				E30ADEA5290B3596002EF995 /* WakeUpFirebaseDemoApp.swift in Sources */,
				E30ADEBE290B4211002EF995 /* UserRepository.swift in Sources */,
				16D581B62935503200054EA1 /* Reminder+EKReminder.swift in Sources */,
				E39D7CC0291828220074BB06 /* ConquerTheDayView.swift in Sources */,
				162A29C12917166E0064BAC0 /* Tasks.swift in Sources */,
				E30ADEBA290B38A8002EF995 /* User.swift in Sources */,
				E3D3125529181FFD0002F20C /* DeepBreathView.swift in Sources */,
			);
			runOnlyForDeploymentPostprocessing = 0;
		};
/* End PBXSourcesBuildPhase section */

/* Begin XCBuildConfiguration section */
		E30ADEAD290B3599002EF995 /* Debug */ = {
			isa = XCBuildConfiguration;
			buildSettings = {
				ALWAYS_SEARCH_USER_PATHS = NO;
				CLANG_ANALYZER_NONNULL = YES;
				CLANG_ANALYZER_NUMBER_OBJECT_CONVERSION = YES_AGGRESSIVE;
				CLANG_CXX_LANGUAGE_STANDARD = "gnu++20";
				CLANG_ENABLE_MODULES = YES;
				CLANG_ENABLE_OBJC_ARC = YES;
				CLANG_ENABLE_OBJC_WEAK = YES;
				CLANG_WARN_BLOCK_CAPTURE_AUTORELEASING = YES;
				CLANG_WARN_BOOL_CONVERSION = YES;
				CLANG_WARN_COMMA = YES;
				CLANG_WARN_CONSTANT_CONVERSION = YES;
				CLANG_WARN_DEPRECATED_OBJC_IMPLEMENTATIONS = YES;
				CLANG_WARN_DIRECT_OBJC_ISA_USAGE = YES_ERROR;
				CLANG_WARN_DOCUMENTATION_COMMENTS = YES;
				CLANG_WARN_EMPTY_BODY = YES;
				CLANG_WARN_ENUM_CONVERSION = YES;
				CLANG_WARN_INFINITE_RECURSION = YES;
				CLANG_WARN_INT_CONVERSION = YES;
				CLANG_WARN_NON_LITERAL_NULL_CONVERSION = YES;
				CLANG_WARN_OBJC_IMPLICIT_RETAIN_SELF = YES;
				CLANG_WARN_OBJC_LITERAL_CONVERSION = YES;
				CLANG_WARN_OBJC_ROOT_CLASS = YES_ERROR;
				CLANG_WARN_QUOTED_INCLUDE_IN_FRAMEWORK_HEADER = YES;
				CLANG_WARN_RANGE_LOOP_ANALYSIS = YES;
				CLANG_WARN_STRICT_PROTOTYPES = YES;
				CLANG_WARN_SUSPICIOUS_MOVE = YES;
				CLANG_WARN_UNGUARDED_AVAILABILITY = YES_AGGRESSIVE;
				CLANG_WARN_UNREACHABLE_CODE = YES;
				CLANG_WARN__DUPLICATE_METHOD_MATCH = YES;
				COPY_PHASE_STRIP = NO;
				DEBUG_INFORMATION_FORMAT = dwarf;
				ENABLE_STRICT_OBJC_MSGSEND = YES;
				ENABLE_TESTABILITY = YES;
				GCC_C_LANGUAGE_STANDARD = gnu11;
				GCC_DYNAMIC_NO_PIC = NO;
				GCC_NO_COMMON_BLOCKS = YES;
				GCC_OPTIMIZATION_LEVEL = 0;
				GCC_PREPROCESSOR_DEFINITIONS = (
					"DEBUG=1",
					"$(inherited)",
				);
				GCC_WARN_64_TO_32_BIT_CONVERSION = YES;
				GCC_WARN_ABOUT_RETURN_TYPE = YES_ERROR;
				GCC_WARN_UNDECLARED_SELECTOR = YES;
				GCC_WARN_UNINITIALIZED_AUTOS = YES_AGGRESSIVE;
				GCC_WARN_UNUSED_FUNCTION = YES;
				GCC_WARN_UNUSED_VARIABLE = YES;
				IPHONEOS_DEPLOYMENT_TARGET = 16.0;
				MTL_ENABLE_DEBUG_INFO = INCLUDE_SOURCE;
				MTL_FAST_MATH = YES;
				ONLY_ACTIVE_ARCH = YES;
				SDKROOT = iphoneos;
				SWIFT_ACTIVE_COMPILATION_CONDITIONS = DEBUG;
				SWIFT_OPTIMIZATION_LEVEL = "-Onone";
			};
			name = Debug;
		};
		E30ADEAE290B3599002EF995 /* Release */ = {
			isa = XCBuildConfiguration;
			buildSettings = {
				ALWAYS_SEARCH_USER_PATHS = NO;
				CLANG_ANALYZER_NONNULL = YES;
				CLANG_ANALYZER_NUMBER_OBJECT_CONVERSION = YES_AGGRESSIVE;
				CLANG_CXX_LANGUAGE_STANDARD = "gnu++20";
				CLANG_ENABLE_MODULES = YES;
				CLANG_ENABLE_OBJC_ARC = YES;
				CLANG_ENABLE_OBJC_WEAK = YES;
				CLANG_WARN_BLOCK_CAPTURE_AUTORELEASING = YES;
				CLANG_WARN_BOOL_CONVERSION = YES;
				CLANG_WARN_COMMA = YES;
				CLANG_WARN_CONSTANT_CONVERSION = YES;
				CLANG_WARN_DEPRECATED_OBJC_IMPLEMENTATIONS = YES;
				CLANG_WARN_DIRECT_OBJC_ISA_USAGE = YES_ERROR;
				CLANG_WARN_DOCUMENTATION_COMMENTS = YES;
				CLANG_WARN_EMPTY_BODY = YES;
				CLANG_WARN_ENUM_CONVERSION = YES;
				CLANG_WARN_INFINITE_RECURSION = YES;
				CLANG_WARN_INT_CONVERSION = YES;
				CLANG_WARN_NON_LITERAL_NULL_CONVERSION = YES;
				CLANG_WARN_OBJC_IMPLICIT_RETAIN_SELF = YES;
				CLANG_WARN_OBJC_LITERAL_CONVERSION = YES;
				CLANG_WARN_OBJC_ROOT_CLASS = YES_ERROR;
				CLANG_WARN_QUOTED_INCLUDE_IN_FRAMEWORK_HEADER = YES;
				CLANG_WARN_RANGE_LOOP_ANALYSIS = YES;
				CLANG_WARN_STRICT_PROTOTYPES = YES;
				CLANG_WARN_SUSPICIOUS_MOVE = YES;
				CLANG_WARN_UNGUARDED_AVAILABILITY = YES_AGGRESSIVE;
				CLANG_WARN_UNREACHABLE_CODE = YES;
				CLANG_WARN__DUPLICATE_METHOD_MATCH = YES;
				COPY_PHASE_STRIP = NO;
				DEBUG_INFORMATION_FORMAT = "dwarf-with-dsym";
				ENABLE_NS_ASSERTIONS = NO;
				ENABLE_STRICT_OBJC_MSGSEND = YES;
				GCC_C_LANGUAGE_STANDARD = gnu11;
				GCC_NO_COMMON_BLOCKS = YES;
				GCC_WARN_64_TO_32_BIT_CONVERSION = YES;
				GCC_WARN_ABOUT_RETURN_TYPE = YES_ERROR;
				GCC_WARN_UNDECLARED_SELECTOR = YES;
				GCC_WARN_UNINITIALIZED_AUTOS = YES_AGGRESSIVE;
				GCC_WARN_UNUSED_FUNCTION = YES;
				GCC_WARN_UNUSED_VARIABLE = YES;
				IPHONEOS_DEPLOYMENT_TARGET = 16.0;
				MTL_ENABLE_DEBUG_INFO = NO;
				MTL_FAST_MATH = YES;
				SDKROOT = iphoneos;
				SWIFT_COMPILATION_MODE = wholemodule;
				SWIFT_OPTIMIZATION_LEVEL = "-O";
				VALIDATE_PRODUCT = YES;
			};
			name = Release;
		};
		E30ADEB0290B3599002EF995 /* Debug */ = {
			isa = XCBuildConfiguration;
			buildSettings = {
				ASSETCATALOG_COMPILER_APPICON_NAME = AppIcon;
				ASSETCATALOG_COMPILER_GLOBAL_ACCENT_COLOR_NAME = AccentColor;
				CODE_SIGN_IDENTITY = "Apple Development";
				CODE_SIGN_STYLE = Automatic;
				CURRENT_PROJECT_VERSION = 1;
				DEVELOPMENT_ASSET_PATHS = "\"WakeUpFirebaseDemo/Preview Content\"";
				DEVELOPMENT_TEAM = 63LQ2YWMWG;
				ENABLE_PREVIEWS = YES;
				GENERATE_INFOPLIST_FILE = YES;
				INFOPLIST_FILE = WakeUpFirebaseDemo/Info.plist;
				INFOPLIST_KEY_NSCalendarsUsageDescription = "Your calendar can help you stay on track.";
				INFOPLIST_KEY_NSRemindersUsageDescription = "Your reminders can help you stay on track.";
				INFOPLIST_KEY_UIApplicationSceneManifest_Generation = YES;
				INFOPLIST_KEY_UIApplicationSupportsIndirectInputEvents = YES;
				INFOPLIST_KEY_UILaunchScreen_Generation = YES;
				INFOPLIST_KEY_UISupportedInterfaceOrientations_iPad = "UIInterfaceOrientationPortrait UIInterfaceOrientationPortraitUpsideDown UIInterfaceOrientationLandscapeLeft UIInterfaceOrientationLandscapeRight";
				INFOPLIST_KEY_UISupportedInterfaceOrientations_iPhone = "UIInterfaceOrientationPortrait UIInterfaceOrientationLandscapeLeft UIInterfaceOrientationLandscapeRight";
				LD_RUNPATH_SEARCH_PATHS = (
					"$(inherited)",
					"@executable_path/Frameworks",
				);
				MARKETING_VERSION = 1.0;
				PRODUCT_BUNDLE_IDENTIFIER = Labs.WakeUpFirebaseDemo;
				PRODUCT_NAME = "$(TARGET_NAME)";
				PROVISIONING_PROFILE_SPECIFIER = "";
				SWIFT_EMIT_LOC_STRINGS = YES;
				SWIFT_VERSION = 5.0;
				TARGETED_DEVICE_FAMILY = 1;
			};
			name = Debug;
		};
		E30ADEB1290B3599002EF995 /* Release */ = {
			isa = XCBuildConfiguration;
			buildSettings = {
				ASSETCATALOG_COMPILER_APPICON_NAME = AppIcon;
				ASSETCATALOG_COMPILER_GLOBAL_ACCENT_COLOR_NAME = AccentColor;
				CODE_SIGN_IDENTITY = "Apple Development";
				CODE_SIGN_STYLE = Automatic;
				CURRENT_PROJECT_VERSION = 1;
				DEVELOPMENT_ASSET_PATHS = "\"WakeUpFirebaseDemo/Preview Content\"";
				DEVELOPMENT_TEAM = 63LQ2YWMWG;
				ENABLE_PREVIEWS = YES;
				GENERATE_INFOPLIST_FILE = YES;
				INFOPLIST_FILE = WakeUpFirebaseDemo/Info.plist;
				INFOPLIST_KEY_NSCalendarsUsageDescription = "Your calendar can help you stay on track.";
				INFOPLIST_KEY_NSRemindersUsageDescription = "Your reminders can help you stay on track.";
				INFOPLIST_KEY_UIApplicationSceneManifest_Generation = YES;
				INFOPLIST_KEY_UIApplicationSupportsIndirectInputEvents = YES;
				INFOPLIST_KEY_UILaunchScreen_Generation = YES;
				INFOPLIST_KEY_UISupportedInterfaceOrientations_iPad = "UIInterfaceOrientationPortrait UIInterfaceOrientationPortraitUpsideDown UIInterfaceOrientationLandscapeLeft UIInterfaceOrientationLandscapeRight";
				INFOPLIST_KEY_UISupportedInterfaceOrientations_iPhone = "UIInterfaceOrientationPortrait UIInterfaceOrientationLandscapeLeft UIInterfaceOrientationLandscapeRight";
				LD_RUNPATH_SEARCH_PATHS = (
					"$(inherited)",
					"@executable_path/Frameworks",
				);
				MARKETING_VERSION = 1.0;
				PRODUCT_BUNDLE_IDENTIFIER = Labs.WakeUpFirebaseDemo;
				PRODUCT_NAME = "$(TARGET_NAME)";
				PROVISIONING_PROFILE_SPECIFIER = "";
				SWIFT_EMIT_LOC_STRINGS = YES;
				SWIFT_VERSION = 5.0;
				TARGETED_DEVICE_FAMILY = 1;
			};
			name = Release;
		};
/* End XCBuildConfiguration section */

/* Begin XCConfigurationList section */
		E30ADE9C290B3596002EF995 /* Build configuration list for PBXProject "WakeUpFirebaseDemo" */ = {
			isa = XCConfigurationList;
			buildConfigurations = (
				E30ADEAD290B3599002EF995 /* Debug */,
				E30ADEAE290B3599002EF995 /* Release */,
			);
			defaultConfigurationIsVisible = 0;
			defaultConfigurationName = Release;
		};
		E30ADEAF290B3599002EF995 /* Build configuration list for PBXNativeTarget "WakeUpFirebaseDemo" */ = {
			isa = XCConfigurationList;
			buildConfigurations = (
				E30ADEB0290B3599002EF995 /* Debug */,
				E30ADEB1290B3599002EF995 /* Release */,
			);
			defaultConfigurationIsVisible = 0;
			defaultConfigurationName = Release;
		};
/* End XCConfigurationList section */

/* Begin XCRemoteSwiftPackageReference section */
		16099DAE29186573008E01CC /* XCRemoteSwiftPackageReference "Alamofire" */ = {
			isa = XCRemoteSwiftPackageReference;
			repositoryURL = "https://github.com/Alamofire/Alamofire.git";
			requirement = {
				kind = upToNextMajorVersion;
				minimumVersion = 5.0.0;
			};
		};
		E30ADEB2290B36E9002EF995 /* XCRemoteSwiftPackageReference "firebase-ios-sdk" */ = {
			isa = XCRemoteSwiftPackageReference;
			repositoryURL = "https://github.com/firebase/firebase-ios-sdk.git";
			requirement = {
				branch = master;
				kind = branch;
			};
		};
/* End XCRemoteSwiftPackageReference section */

/* Begin XCSwiftPackageProductDependency section */
		16099DAF29186573008E01CC /* Alamofire */ = {
			isa = XCSwiftPackageProductDependency;
			package = 16099DAE29186573008E01CC /* XCRemoteSwiftPackageReference "Alamofire" */;
			productName = Alamofire;
		};
		E30ADEB3290B36E9002EF995 /* FirebaseFirestore */ = {
			isa = XCSwiftPackageProductDependency;
			package = E30ADEB2290B36E9002EF995 /* XCRemoteSwiftPackageReference "firebase-ios-sdk" */;
			productName = FirebaseFirestore;
		};
		E30ADEB5290B36E9002EF995 /* FirebaseFirestoreSwift */ = {
			isa = XCSwiftPackageProductDependency;
			package = E30ADEB2290B36E9002EF995 /* XCRemoteSwiftPackageReference "firebase-ios-sdk" */;
			productName = FirebaseFirestoreSwift;
		};
/* End XCSwiftPackageProductDependency section */
	};
	rootObject = E30ADE99290B3596002EF995 /* Project object */;
}
